github.com/SpecterOps/BloodHound/cmd/api/src v0.0.0-20240109195535-c358cb6e4aa5/go.mod h1:cRn40x9hqYkh/PDiwbfyLZHIjAPInY3hSbsrNpNnVZU=
github.com/davecgh/go-spew v1.1.0/go.mod h1:J7Y8YcW2NihsgmVo/mv3lAwl/skON4iLHjSsI+c5H38=
github.com/go-pkgz/expirable-cache v1.0.0 h1:ns5+1hjY8hntGv8bPaQd9Gr7Jyo+Uw5SLyII40aQdtA=
github.com/go-pkgz/expirable-cache v1.0.0/go.mod h1:GTrEl0X+q0mPNqN6dtcQXksACnzCBQ5k/k1SwXJsZKs=
github.com/pmezard/go-difflib v1.0.0/go.mod h1:iKH77koFhYxTK1pcRnkKkqfTogsbg7gZNVY4sRDYZ/4=
github.com/specterops/bloodhound/packages/go/analysis v0.0.0-20240109195535-c358cb6e4aa5/go.mod h1:yLe4xtHUeq6vjxSB561GtRiFRIj+N13lirg0JHjQuAA=
github.com/specterops/bloodhound/packages/go/cache v0.0.0-20240109195535-c358cb6e4aa5/go.mod h1:I/3D1GcV4QSRp8xI6xLgvWPkaDRy7aMkVZLOAogJ9Bs=
github.com/specterops/bloodhound/packages/go/crypto v0.0.0-20240109195535-c358cb6e4aa5/go.mod h1:wm6LKJDdzVkJ0oK+vgBRaG7jz3DklTXGSszEFWvDrxE=
github.com/specterops/bloodhound/packages/go/cypher v0.0.0-20240109195535-c358cb6e4aa5/go.mod h1:pL0qwqiwjZeFw3zc4D8AO9A/UP92u6hQ/Is3jH992ic=
github.com/specterops/bloodhound/packages/go/dawgs v0.0.0-20240109195535-c358cb6e4aa5/go.mod h1:pJOawRA+acLXqYx33Im2tyI/KFDwOIPvTuEyXlXryHo=
github.com/specterops/bloodhound/packages/go/errors v0.0.0-20240109195535-c358cb6e4aa5/go.mod h1:QRd4zeZ/iIiRr9VoHF05O0r+xFp03cEc5fUwAjgIvBI=
github.com/specterops/bloodhound/packages/go/graphschema v0.0.0-20240109195535-c358cb6e4aa5/go.mod h1:6k+ccBwoDsaGSPDLLP8cgvJvdizjaUuiwfEnJ/DgXDA=
github.com/specterops/bloodhound/packages/go/headers v0.0.0-20240109195535-c358cb6e4aa5/go.mod h1:w8yN12IctXYmLGN7/mUEKqW0jOSbwlvmygvhqnzWStc=
github.com/specterops/bloodhound/packages/go/log v0.0.0-20240109195535-c358cb6e4aa5/go.mod h1:kb3JX8Vb5SPHRlQ1onN5gq//gG8uouwkAb1FqJ+gy1Y=
github.com/specterops/bloodhound/packages/go/mediatypes v0.0.0-20240109195535-c358cb6e4aa5/go.mod h1:CoBa6aWrmk+Kzn+OmJykoIHzOOvp85nDSI533a/26SI=
github.com/specterops/bloodhound/packages/go/slices v0.0.0-20240109195535-c358cb6e4aa5/go.mod h1:2UfWNDsdc/5lMH88GD36RXrfhyaU0sUBBkQlSBQKgyE=
github.com/stretchr/objx v0.1.0/go.mod h1:HFkY916IF+rwdDfMAkV7OtwuqBVzrE8GR6GFx+wExME=
github.com/stretchr/testify v1.7.1/go.mod h1:6Fq8oRcR53rry900zMqJjRRixrwX3KX962/h/Wwjteg=
gopkg.in/check.v1 v0.0.0-20161208181325-20d25e280405/go.mod h1:Co6ibVJAznAaIkqp8huTwlJQCZ016jof/cbN4VW5Yz0=
gopkg.in/yaml.v3 v3.0.0-20200313102051-9f266ea9e77c/go.mod h1:K4uyk7z7BCEPqu6E+C64Yfv1cQ7kz7rIZviUmN+EgEM=
